
Microsoft Visual Studio Solution File, Format Version 12.00
# Visual Studio Version 17
VisualStudioVersion = 17.0.31919.166
MinimumVisualStudioVersion = 10.0.40219.1
Project("{9A19103F-16F7-4668-BE54-9A1E7A4F7556}") = "Randomville", "Randomville\Randomville.csproj", "{4D904A56-2317-4512-9A96-08488E9F460E}"
EndProject
Project("{9A19103F-16F7-4668-BE54-9A1E7A4F7556}") = "Randomville.Test", "Test\Randomville.Test\Randomville.Test\Randomville.Test.csproj", "{0F1BF7E1-46EE-4FC4-B6DE-960137BE2F2E}"
EndProject
Global
	GlobalSection(SolutionConfigurationPlatforms) = preSolution
		Debug|Any CPU = Debug|Any CPU
		Release|Any CPU = Release|Any CPU
	EndGlobalSection
	GlobalSection(ProjectConfigurationPlatforms) = postSolution
		{4D904A56-2317-4512-9A96-08488E9F460E}.Debug|Any CPU.ActiveCfg = Debug|Any CPU
		{4D904A56-2317-4512-9A96-08488E9F460E}.Debug|Any CPU.Build.0 = Debug|Any CPU
		{4D904A56-2317-4512-9A96-08488E9F460E}.Release|Any CPU.ActiveCfg = Release|Any CPU
		{4D904A56-2317-4512-9A96-08488E9F460E}.Release|Any CPU.Build.0 = Release|Any CPU
		{0F1BF7E1-46EE-4FC4-B6DE-960137BE2F2E}.Debug|Any CPU.ActiveCfg = Debug|Any CPU
		{0F1BF7E1-46EE-4FC4-B6DE-960137BE2F2E}.Debug|Any CPU.Build.0 = Debug|Any CPU
		{0F1BF7E1-46EE-4FC4-B6DE-960137BE2F2E}.Release|Any CPU.ActiveCfg = Release|Any CPU
		{0F1BF7E1-46EE-4FC4-B6DE-960137BE2F2E}.Release|Any CPU.Build.0 = Release|Any CPU
	EndGlobalSection
	GlobalSection(SolutionProperties) = preSolution
		HideSolutionNode = FALSE
	EndGlobalSection
	GlobalSection(ExtensibilityGlobals) = postSolution
		SolutionGuid = {3493FBED-29B1-441D-A815-4F8A12EDF7C6}
	EndGlobalSection
EndGlobal
